{
  "version": 4,
  "terraform_version": "1.0.2",
  "serial": 1,
  "lineage": "5e596955-b338-dcaa-36b0-44cb28f69b35",
  "outputs": {},
  "resources": [
    {
      "mode": "managed",
      "type": "aws_key_pair",
      "name": "vprofilekey",
      "provider": "provider[\"registry.terraform.io/hashicorp/aws\"]",
      "instances": [
        {
          "schema_version": 1,
          "attributes": {
            "arn": "arn:aws:ec2:us-east-1:523805441269:key-pair/vprofilekey",
            "fingerprint": "e7:13:e7:f1:b4:9d:eb:3e:e0:2a:7b:d9:d4:b5:cd:eb",
            "id": "vprofilekey",
            "key_name": "vprofilekey",
            "key_name_prefix": null,
            "key_pair_id": "key-09e5f9dbdd17d49fd",
            "public_key": "ssh-rsa AAAAB3NzaC1yc2EAAAADAQABAAABAQC7r3eOcsiRbFr1VmBFAswxoHPmdVY2Zt4QExh3Ahf9511f9xGqHv8+/cNLQ2bYUBuv2ZyT4PGULNOo2NA3JKf+jB8GR/dXH2XkuqAMWnouzdvmoKmYKGacNHkJNnYROgxM9H4Nc6LX4wqCJwzVv3W6aE83ZASO7mINJy1DgCSpKah6i+vXQP4SrVou3VyhPYdEN6Wj04zeFkVm4w7UZ28ZUgPFjvHJkTC/V/YgsMayn3LODfpD97atuQtf03TleGz3vClDwnaiT4MRmSRt/l5s8MPUD0NPntrJ8XE0guEw0M07wZLFC1CkIlnUsDwzV/3o87N4Rp62y81HIicOPrF9 demo@demo-site",
            "tags": null,
            "tags_all": {}
          },
          "sensitive_attributes": [],
          "private": "eyJzY2hlbWFfdmVyc2lvbiI6IjEifQ=="
        }
      ]
    }
  ]
}
